
Microsoft Visual Studio Solution File, Format Version 12.00
# Visual Studio 15
VisualStudioVersion = 15.0.26124.0
MinimumVisualStudioVersion = 15.0.26124.0
Project("{FAE04EC0-301F-11D3-BF4B-00C04F79EFBC}") = "Faro.Api", "Faro.Api\Faro.Api.csproj", "{DC754EC9-A7C2-4F18-9D60-8EDE662FCC70}"
EndProject
Project("{FAE04EC0-301F-11D3-BF4B-00C04F79EFBC}") = "Faro.Repository", "Faro.Repository\Faro.Repository.csproj", "{9B9384DF-CC61-40CA-A008-698644C9B91F}"
EndProject
Project("{FAE04EC0-301F-11D3-BF4B-00C04F79EFBC}") = "Faro.Domain", "Faro.Domain\Faro.Domain.csproj", "{03342B05-3F61-406E-A7A3-63A93D5E305E}"
EndProject
Project("{FAE04EC0-301F-11D3-BF4B-00C04F79EFBC}") = "Faro.Service", "Faro.Service\Faro.Service.csproj", "{56C2C041-40BF-45D1-9430-B8DB76DF0E26}"
EndProject
Global
	GlobalSection(SolutionConfigurationPlatforms) = preSolution
		Debug|Any CPU = Debug|Any CPU
		Debug|x64 = Debug|x64
		Debug|x86 = Debug|x86
		Release|Any CPU = Release|Any CPU
		Release|x64 = Release|x64
		Release|x86 = Release|x86
	EndGlobalSection
	GlobalSection(SolutionProperties) = preSolution
		HideSolutionNode = FALSE
	EndGlobalSection
	GlobalSection(ProjectConfigurationPlatforms) = postSolution
		{DC754EC9-A7C2-4F18-9D60-8EDE662FCC70}.Debug|Any CPU.ActiveCfg = Debug|Any CPU
		{DC754EC9-A7C2-4F18-9D60-8EDE662FCC70}.Debug|Any CPU.Build.0 = Debug|Any CPU
		{DC754EC9-A7C2-4F18-9D60-8EDE662FCC70}.Debug|x64.ActiveCfg = Debug|Any CPU
		{DC754EC9-A7C2-4F18-9D60-8EDE662FCC70}.Debug|x64.Build.0 = Debug|Any CPU
		{DC754EC9-A7C2-4F18-9D60-8EDE662FCC70}.Debug|x86.ActiveCfg = Debug|Any CPU
		{DC754EC9-A7C2-4F18-9D60-8EDE662FCC70}.Debug|x86.Build.0 = Debug|Any CPU
		{DC754EC9-A7C2-4F18-9D60-8EDE662FCC70}.Release|Any CPU.ActiveCfg = Release|Any CPU
		{DC754EC9-A7C2-4F18-9D60-8EDE662FCC70}.Release|Any CPU.Build.0 = Release|Any CPU
		{DC754EC9-A7C2-4F18-9D60-8EDE662FCC70}.Release|x64.ActiveCfg = Release|Any CPU
		{DC754EC9-A7C2-4F18-9D60-8EDE662FCC70}.Release|x64.Build.0 = Release|Any CPU
		{DC754EC9-A7C2-4F18-9D60-8EDE662FCC70}.Release|x86.ActiveCfg = Release|Any CPU
		{DC754EC9-A7C2-4F18-9D60-8EDE662FCC70}.Release|x86.Build.0 = Release|Any CPU
		{9B9384DF-CC61-40CA-A008-698644C9B91F}.Debug|Any CPU.ActiveCfg = Debug|Any CPU
		{9B9384DF-CC61-40CA-A008-698644C9B91F}.Debug|Any CPU.Build.0 = Debug|Any CPU
		{9B9384DF-CC61-40CA-A008-698644C9B91F}.Debug|x64.ActiveCfg = Debug|Any CPU
		{9B9384DF-CC61-40CA-A008-698644C9B91F}.Debug|x64.Build.0 = Debug|Any CPU
		{9B9384DF-CC61-40CA-A008-698644C9B91F}.Debug|x86.ActiveCfg = Debug|Any CPU
		{9B9384DF-CC61-40CA-A008-698644C9B91F}.Debug|x86.Build.0 = Debug|Any CPU
		{9B9384DF-CC61-40CA-A008-698644C9B91F}.Release|Any CPU.ActiveCfg = Release|Any CPU
		{9B9384DF-CC61-40CA-A008-698644C9B91F}.Release|Any CPU.Build.0 = Release|Any CPU
		{9B9384DF-CC61-40CA-A008-698644C9B91F}.Release|x64.ActiveCfg = Release|Any CPU
		{9B9384DF-CC61-40CA-A008-698644C9B91F}.Release|x64.Build.0 = Release|Any CPU
		{9B9384DF-CC61-40CA-A008-698644C9B91F}.Release|x86.ActiveCfg = Release|Any CPU
		{9B9384DF-CC61-40CA-A008-698644C9B91F}.Release|x86.Build.0 = Release|Any CPU
		{03342B05-3F61-406E-A7A3-63A93D5E305E}.Debug|Any CPU.ActiveCfg = Debug|Any CPU
		{03342B05-3F61-406E-A7A3-63A93D5E305E}.Debug|Any CPU.Build.0 = Debug|Any CPU
		{03342B05-3F61-406E-A7A3-63A93D5E305E}.Debug|x64.ActiveCfg = Debug|Any CPU
		{03342B05-3F61-406E-A7A3-63A93D5E305E}.Debug|x64.Build.0 = Debug|Any CPU
		{03342B05-3F61-406E-A7A3-63A93D5E305E}.Debug|x86.ActiveCfg = Debug|Any CPU
		{03342B05-3F61-406E-A7A3-63A93D5E305E}.Debug|x86.Build.0 = Debug|Any CPU
		{03342B05-3F61-406E-A7A3-63A93D5E305E}.Release|Any CPU.ActiveCfg = Release|Any CPU
		{03342B05-3F61-406E-A7A3-63A93D5E305E}.Release|Any CPU.Build.0 = Release|Any CPU
		{03342B05-3F61-406E-A7A3-63A93D5E305E}.Release|x64.ActiveCfg = Release|Any CPU
		{03342B05-3F61-406E-A7A3-63A93D5E305E}.Release|x64.Build.0 = Release|Any CPU
		{03342B05-3F61-406E-A7A3-63A93D5E305E}.Release|x86.ActiveCfg = Release|Any CPU
		{03342B05-3F61-406E-A7A3-63A93D5E305E}.Release|x86.Build.0 = Release|Any CPU
		{56C2C041-40BF-45D1-9430-B8DB76DF0E26}.Debug|Any CPU.ActiveCfg = Debug|Any CPU
		{56C2C041-40BF-45D1-9430-B8DB76DF0E26}.Debug|Any CPU.Build.0 = Debug|Any CPU
		{56C2C041-40BF-45D1-9430-B8DB76DF0E26}.Debug|x64.ActiveCfg = Debug|Any CPU
		{56C2C041-40BF-45D1-9430-B8DB76DF0E26}.Debug|x64.Build.0 = Debug|Any CPU
		{56C2C041-40BF-45D1-9430-B8DB76DF0E26}.Debug|x86.ActiveCfg = Debug|Any CPU
		{56C2C041-40BF-45D1-9430-B8DB76DF0E26}.Debug|x86.Build.0 = Debug|Any CPU
		{56C2C041-40BF-45D1-9430-B8DB76DF0E26}.Release|Any CPU.ActiveCfg = Release|Any CPU
		{56C2C041-40BF-45D1-9430-B8DB76DF0E26}.Release|Any CPU.Build.0 = Release|Any CPU
		{56C2C041-40BF-45D1-9430-B8DB76DF0E26}.Release|x64.ActiveCfg = Release|Any CPU
		{56C2C041-40BF-45D1-9430-B8DB76DF0E26}.Release|x64.Build.0 = Release|Any CPU
		{56C2C041-40BF-45D1-9430-B8DB76DF0E26}.Release|x86.ActiveCfg = Release|Any CPU
		{56C2C041-40BF-45D1-9430-B8DB76DF0E26}.Release|x86.Build.0 = Release|Any CPU
	EndGlobalSection
EndGlobal
